
Microsoft Visual Studio Solution File, Format Version 12.00
# Visual Studio Version 16
VisualStudioVersion = 16.0.31313.79
MinimumVisualStudioVersion = 10.0.40219.1
Project("{FAE04EC0-301F-11D3-BF4B-00C04F79EFBC}") = "MIETHac2021_MIET_CASE", "MIETHac2021_MIET_CASE\MIETHac2021_MIET_CASE.csproj", "{92EB9613-127E-44D5-9A63-4958D3F6DD1A}"
EndProject
Global
	GlobalSection(SolutionConfigurationPlatforms) = preSolution
		Debug|Any CPU = Debug|Any CPU
		Release|Any CPU = Release|Any CPU
	EndGlobalSection
	GlobalSection(ProjectConfigurationPlatforms) = postSolution
		{92EB9613-127E-44D5-9A63-4958D3F6DD1A}.Debug|Any CPU.ActiveCfg = Debug|Any CPU
		{92EB9613-127E-44D5-9A63-4958D3F6DD1A}.Debug|Any CPU.Build.0 = Debug|Any CPU
		{92EB9613-127E-44D5-9A63-4958D3F6DD1A}.Release|Any CPU.ActiveCfg = Release|Any CPU
		{92EB9613-127E-44D5-9A63-4958D3F6DD1A}.Release|Any CPU.Build.0 = Release|Any CPU
	EndGlobalSection
	GlobalSection(SolutionProperties) = preSolution
		HideSolutionNode = FALSE
	EndGlobalSection
	GlobalSection(ExtensibilityGlobals) = postSolution
		SolutionGuid = {8303AFD9-7F77-4314-9ABF-E9FCDF63BDAF}
	EndGlobalSection
EndGlobal
